// !$*UTF8*$!
{
	archiveVersion = 1;
	classes = {
	};
	objectVersion = 46;
	objects = {

/* Begin PBXBuildFile section */
		2A11F82F1921BD9800B9161C /* CUSSerializer.m in Sources */ = {isa = PBXBuildFile; fileRef = 2A11F82E1921BD9800B9161C /* CUSSerializer.m */; };
		2A11F8421921D66B00B9161C /* CUSMainViewController.m in Sources */ = {isa = PBXBuildFile; fileRef = 2A11F8371921D66B00B9161C /* CUSMainViewController.m */; };
		2A11F8431921D66B00B9161C /* CUSMainViewController.xib in Resources */ = {isa = PBXBuildFile; fileRef = 2A11F8381921D66B00B9161C /* CUSMainViewController.xib */; };
		2A11F8441921D66B00B9161C /* CUSPerson.m in Sources */ = {isa = PBXBuildFile; fileRef = 2A11F83B1921D66B00B9161C /* CUSPerson.m */; };
		2A11F8451921D66B00B9161C /* CUSSchool.m in Sources */ = {isa = PBXBuildFile; fileRef = 2A11F83D1921D66B00B9161C /* CUSSchool.m */; };
		2A11F8461921D66B00B9161C /* CUSStudent.m in Sources */ = {isa = PBXBuildFile; fileRef = 2A11F83F1921D66B00B9161C /* CUSStudent.m */; };
		2A11F8471921D66B00B9161C /* CUSTeacher.m in Sources */ = {isa = PBXBuildFile; fileRef = 2A11F8411921D66B00B9161C /* CUSTeacher.m */; };
		2A11F84B1921E74E00B9161C /* Icon.png in Resources */ = {isa = PBXBuildFile; fileRef = 2A11F8491921E74E00B9161C /* Icon.png */; };
		2A11F84C1921E74E00B9161C /* Icon@2x.png in Resources */ = {isa = PBXBuildFile; fileRef = 2A11F84A1921E74E00B9161C /* Icon@2x.png */; };
		2A11F84F1921F39100B9161C /* Default-568h@2x.png in Resources */ = {isa = PBXBuildFile; fileRef = 2A11F84E1921F39100B9161C /* Default-568h@2x.png */; };
		2A11F8531921FDC300B9161C /* DictionaryFile.plist in Resources */ = {isa = PBXBuildFile; fileRef = 2A11F8521921FDC300B9161C /* DictionaryFile.plist */; };
		2ACA2C301920B25600078D9E /* Foundation.framework in Frameworks */ = {isa = PBXBuildFile; fileRef = 2ACA2C2F1920B25600078D9E /* Foundation.framework */; };
		2ACA2C321920B25600078D9E /* CoreGraphics.framework in Frameworks */ = {isa = PBXBuildFile; fileRef = 2ACA2C311920B25600078D9E /* CoreGraphics.framework */; };
		2ACA2C341920B25600078D9E /* UIKit.framework in Frameworks */ = {isa = PBXBuildFile; fileRef = 2ACA2C331920B25600078D9E /* UIKit.framework */; };
		2ACA2C3A1920B25600078D9E /* InfoPlist.strings in Resources */ = {isa = PBXBuildFile; fileRef = 2ACA2C381920B25600078D9E /* InfoPlist.strings */; };
		2ACA2C3C1920B25600078D9E /* main.m in Sources */ = {isa = PBXBuildFile; fileRef = 2ACA2C3B1920B25600078D9E /* main.m */; };
		2ACA2C401920B25600078D9E /* CUSAppDelegate.m in Sources */ = {isa = PBXBuildFile; fileRef = 2ACA2C3F1920B25600078D9E /* CUSAppDelegate.m */; };
		2ACA2C421920B25600078D9E /* Images.xcassets in Resources */ = {isa = PBXBuildFile; fileRef = 2ACA2C411920B25600078D9E /* Images.xcassets */; };
		2ACA2C491920B25600078D9E /* XCTest.framework in Frameworks */ = {isa = PBXBuildFile; fileRef = 2ACA2C481920B25600078D9E /* XCTest.framework */; };
		2ACA2C4A1920B25600078D9E /* Foundation.framework in Frameworks */ = {isa = PBXBuildFile; fileRef = 2ACA2C2F1920B25600078D9E /* Foundation.framework */; };
		2ACA2C4B1920B25600078D9E /* UIKit.framework in Frameworks */ = {isa = PBXBuildFile; fileRef = 2ACA2C331920B25600078D9E /* UIKit.framework */; };
		2ACA2C531920B25600078D9E /* InfoPlist.strings in Resources */ = {isa = PBXBuildFile; fileRef = 2ACA2C511920B25600078D9E /* InfoPlist.strings */; };
		2ACA2C551920B25600078D9E /* CUSSerializerExampleTests.m in Sources */ = {isa = PBXBuildFile; fileRef = 2ACA2C541920B25600078D9E /* CUSSerializerExampleTests.m */; };
/* End PBXBuildFile section */

/* Begin PBXContainerItemProxy section */
		2ACA2C4C1920B25600078D9E /* PBXContainerItemProxy */ = {
			isa = PBXContainerItemProxy;
			containerPortal = 2ACA2C241920B25600078D9E /* Project object */;
			proxyType = 1;
			remoteGlobalIDString = 2ACA2C2B1920B25600078D9E;
			remoteInfo = CUSSerializerExample;
		};
/* End PBXContainerItemProxy section */

/* Begin PBXFileReference section */
		2A11F82D1921BD9800B9161C /* CUSSerializer.h */ = {isa = PBXFileReference; fileEncoding = 4; lastKnownFileType = sourcecode.c.h; path = CUSSerializer.h; sourceTree = "<group>"; };
		2A11F82E1921BD9800B9161C /* CUSSerializer.m */ = {isa = PBXFileReference; fileEncoding = 4; lastKnownFileType = sourcecode.c.objc; path = CUSSerializer.m; sourceTree = "<group>"; };
		2A11F8361921D66B00B9161C /* CUSMainViewController.h */ = {isa = PBXFileReference; fileEncoding = 4; lastKnownFileType = sourcecode.c.h; path = CUSMainViewController.h; sourceTree = "<group>"; };
		2A11F8371921D66B00B9161C /* CUSMainViewController.m */ = {isa = PBXFileReference; fileEncoding = 4; lastKnownFileType = sourcecode.c.objc; path = CUSMainViewController.m; sourceTree = "<group>"; };
		2A11F8381921D66B00B9161C /* CUSMainViewController.xib */ = {isa = PBXFileReference; fileEncoding = 4; lastKnownFileType = file.xib; path = CUSMainViewController.xib; sourceTree = "<group>"; };
		2A11F83A1921D66B00B9161C /* CUSPerson.h */ = {isa = PBXFileReference; fileEncoding = 4; lastKnownFileType = sourcecode.c.h; path = CUSPerson.h; sourceTree = "<group>"; };
		2A11F83B1921D66B00B9161C /* CUSPerson.m */ = {isa = PBXFileReference; fileEncoding = 4; lastKnownFileType = sourcecode.c.objc; path = CUSPerson.m; sourceTree = "<group>"; };
		2A11F83C1921D66B00B9161C /* CUSSchool.h */ = {isa = PBXFileReference; fileEncoding = 4; lastKnownFileType = sourcecode.c.h; path = CUSSchool.h; sourceTree = "<group>"; };
		2A11F83D1921D66B00B9161C /* CUSSchool.m */ = {isa = PBXFileReference; fileEncoding = 4; lastKnownFileType = sourcecode.c.objc; path = CUSSchool.m; sourceTree = "<group>"; };
		2A11F83E1921D66B00B9161C /* CUSStudent.h */ = {isa = PBXFileReference; fileEncoding = 4; lastKnownFileType = sourcecode.c.h; path = CUSStudent.h; sourceTree = "<group>"; };
		2A11F83F1921D66B00B9161C /* CUSStudent.m */ = {isa = PBXFileReference; fileEncoding = 4; lastKnownFileType = sourcecode.c.objc; path = CUSStudent.m; sourceTree = "<group>"; };
		2A11F8401921D66B00B9161C /* CUSTeacher.h */ = {isa = PBXFileReference; fileEncoding = 4; lastKnownFileType = sourcecode.c.h; path = CUSTeacher.h; sourceTree = "<group>"; };
		2A11F8411921D66B00B9161C /* CUSTeacher.m */ = {isa = PBXFileReference; fileEncoding = 4; lastKnownFileType = sourcecode.c.objc; path = CUSTeacher.m; sourceTree = "<group>"; };
		2A11F8491921E74E00B9161C /* Icon.png */ = {isa = PBXFileReference; lastKnownFileType = image.png; path = Icon.png; sourceTree = "<group>"; };
		2A11F84A1921E74E00B9161C /* Icon@2x.png */ = {isa = PBXFileReference; lastKnownFileType = image.png; path = "Icon@2x.png"; sourceTree = "<group>"; };
		2A11F84E1921F39100B9161C /* Default-568h@2x.png */ = {isa = PBXFileReference; lastKnownFileType = image.png; path = "Default-568h@2x.png"; sourceTree = "<group>"; };
		2A11F8521921FDC300B9161C /* DictionaryFile.plist */ = {isa = PBXFileReference; fileEncoding = 4; lastKnownFileType = text.plist.xml; path = DictionaryFile.plist; sourceTree = "<group>"; };
		2ACA2C2C1920B25600078D9E /* CUSSerializerExample.app */ = {isa = PBXFileReference; explicitFileType = wrapper.application; includeInIndex = 0; path = CUSSerializerExample.app; sourceTree = BUILT_PRODUCTS_DIR; };
		2ACA2C2F1920B25600078D9E /* Foundation.framework */ = {isa = PBXFileReference; lastKnownFileType = wrapper.framework; name = Foundation.framework; path = System/Library/Frameworks/Foundation.framework; sourceTree = SDKROOT; };
		2ACA2C311920B25600078D9E /* CoreGraphics.framework */ = {isa = PBXFileReference; lastKnownFileType = wrapper.framework; name = CoreGraphics.framework; path = System/Library/Frameworks/CoreGraphics.framework; sourceTree = SDKROOT; };
		2ACA2C331920B25600078D9E /* UIKit.framework */ = {isa = PBXFileReference; lastKnownFileType = wrapper.framework; name = UIKit.framework; path = System/Library/Frameworks/UIKit.framework; sourceTree = SDKROOT; };
		2ACA2C371920B25600078D9E /* CUSSerializerExample-Info.plist */ = {isa = PBXFileReference; lastKnownFileType = text.plist.xml; path = "CUSSerializerExample-Info.plist"; sourceTree = "<group>"; };
		2ACA2C391920B25600078D9E /* en */ = {isa = PBXFileReference; lastKnownFileType = text.plist.strings; name = en; path = en.lproj/InfoPlist.strings; sourceTree = "<group>"; };
		2ACA2C3B1920B25600078D9E /* main.m */ = {isa = PBXFileReference; lastKnownFileType = sourcecode.c.objc; path = main.m; sourceTree = "<group>"; };
		2ACA2C3D1920B25600078D9E /* CUSSerializerExample-Prefix.pch */ = {isa = PBXFileReference; lastKnownFileType = sourcecode.c.h; path = "CUSSerializerExample-Prefix.pch"; sourceTree = "<group>"; };
		2ACA2C3E1920B25600078D9E /* CUSAppDelegate.h */ = {isa = PBXFileReference; lastKnownFileType = sourcecode.c.h; path = CUSAppDelegate.h; sourceTree = "<group>"; };
		2ACA2C3F1920B25600078D9E /* CUSAppDelegate.m */ = {isa = PBXFileReference; lastKnownFileType = sourcecode.c.objc; path = CUSAppDelegate.m; sourceTree = "<group>"; };
		2ACA2C411920B25600078D9E /* Images.xcassets */ = {isa = PBXFileReference; lastKnownFileType = folder.assetcatalog; path = Images.xcassets; sourceTree = "<group>"; };
		2ACA2C471920B25600078D9E /* CUSSerializerExampleTests.xctest */ = {isa = PBXFileReference; explicitFileType = wrapper.cfbundle; includeInIndex = 0; path = CUSSerializerExampleTests.xctest; sourceTree = BUILT_PRODUCTS_DIR; };
		2ACA2C481920B25600078D9E /* XCTest.framework */ = {isa = PBXFileReference; lastKnownFileType = wrapper.framework; name = XCTest.framework; path = Library/Frameworks/XCTest.framework; sourceTree = DEVELOPER_DIR; };
		2ACA2C501920B25600078D9E /* CUSSerializerExampleTests-Info.plist */ = {isa = PBXFileReference; lastKnownFileType = text.plist.xml; path = "CUSSerializerExampleTests-Info.plist"; sourceTree = "<group>"; };
		2ACA2C521920B25600078D9E /* en */ = {isa = PBXFileReference; lastKnownFileType = text.plist.strings; name = en; path = en.lproj/InfoPlist.strings; sourceTree = "<group>"; };
		2ACA2C541920B25600078D9E /* CUSSerializerExampleTests.m */ = {isa = PBXFileReference; lastKnownFileType = sourcecode.c.objc; path = CUSSerializerExampleTests.m; sourceTree = "<group>"; };
/* End PBXFileReference section */

/* Begin PBXFrameworksBuildPhase section */
		2ACA2C291920B25600078D9E /* Frameworks */ = {
			isa = PBXFrameworksBuildPhase;
			buildActionMask = 2147483647;
			files = (
				2ACA2C321920B25600078D9E /* CoreGraphics.framework in Frameworks */,
				2ACA2C341920B25600078D9E /* UIKit.framework in Frameworks */,
				2ACA2C301920B25600078D9E /* Foundation.framework in Frameworks */,
			);
			runOnlyForDeploymentPostprocessing = 0;
		};
		2ACA2C441920B25600078D9E /* Frameworks */ = {
			isa = PBXFrameworksBuildPhase;
			buildActionMask = 2147483647;
			files = (
				2ACA2C491920B25600078D9E /* XCTest.framework in Frameworks */,
				2ACA2C4B1920B25600078D9E /* UIKit.framework in Frameworks */,
				2ACA2C4A1920B25600078D9E /* Foundation.framework in Frameworks */,
			);
			runOnlyForDeploymentPostprocessing = 0;
		};
/* End PBXFrameworksBuildPhase section */

/* Begin PBXGroup section */
		2A11F8351921D66B00B9161C /* controller */ = {
			isa = PBXGroup;
			children = (
				2A11F8361921D66B00B9161C /* CUSMainViewController.h */,
				2A11F8371921D66B00B9161C /* CUSMainViewController.m */,
				2A11F8381921D66B00B9161C /* CUSMainViewController.xib */,
			);
			path = controller;
			sourceTree = "<group>";
		};
		2A11F8391921D66B00B9161C /* model */ = {
			isa = PBXGroup;
			children = (
				2A11F83A1921D66B00B9161C /* CUSPerson.h */,
				2A11F83B1921D66B00B9161C /* CUSPerson.m */,
				2A11F83C1921D66B00B9161C /* CUSSchool.h */,
				2A11F83D1921D66B00B9161C /* CUSSchool.m */,
				2A11F83E1921D66B00B9161C /* CUSStudent.h */,
				2A11F83F1921D66B00B9161C /* CUSStudent.m */,
				2A11F8401921D66B00B9161C /* CUSTeacher.h */,
				2A11F8411921D66B00B9161C /* CUSTeacher.m */,
			);
			path = model;
			sourceTree = "<group>";
		};
		2A11F8481921E73600B9161C /* images */ = {
			isa = PBXGroup;
			children = (
				2A11F84E1921F39100B9161C /* Default-568h@2x.png */,
				2A11F8491921E74E00B9161C /* Icon.png */,
				2A11F84A1921E74E00B9161C /* Icon@2x.png */,
			);
			path = images;
			sourceTree = "<group>";
		};
		2ACA2C231920B25600078D9E = {
			isa = PBXGroup;
			children = (
				2ACA2C5E1920B27B00078D9E /* CUSSerializer */,
				2ACA2C351920B25600078D9E /* CUSSerializerExample */,
				2ACA2C4E1920B25600078D9E /* CUSSerializerExampleTests */,
				2ACA2C2E1920B25600078D9E /* Frameworks */,
				2ACA2C2D1920B25600078D9E /* Products */,
			);
			sourceTree = "<group>";
		};
		2ACA2C2D1920B25600078D9E /* Products */ = {
			isa = PBXGroup;
			children = (
				2ACA2C2C1920B25600078D9E /* CUSSerializerExample.app */,
				2ACA2C471920B25600078D9E /* CUSSerializerExampleTests.xctest */,
			);
			name = Products;
			sourceTree = "<group>";
		};
		2ACA2C2E1920B25600078D9E /* Frameworks */ = {
			isa = PBXGroup;
			children = (
				2ACA2C2F1920B25600078D9E /* Foundation.framework */,
				2ACA2C311920B25600078D9E /* CoreGraphics.framework */,
				2ACA2C331920B25600078D9E /* UIKit.framework */,
				2ACA2C481920B25600078D9E /* XCTest.framework */,
			);
			name = Frameworks;
			sourceTree = "<group>";
		};
		2ACA2C351920B25600078D9E /* CUSSerializerExample */ = {
			isa = PBXGroup;
			children = (
				2A11F8481921E73600B9161C /* images */,
				2A11F8351921D66B00B9161C /* controller */,
				2A11F8391921D66B00B9161C /* model */,
				2ACA2C3E1920B25600078D9E /* CUSAppDelegate.h */,
				2ACA2C3F1920B25600078D9E /* CUSAppDelegate.m */,
				2ACA2C411920B25600078D9E /* Images.xcassets */,
				2ACA2C361920B25600078D9E /* Supporting Files */,
			);
			path = CUSSerializerExample;
			sourceTree = "<group>";
		};
		2ACA2C361920B25600078D9E /* Supporting Files */ = {
			isa = PBXGroup;
			children = (
				2A11F8521921FDC300B9161C /* DictionaryFile.plist */,
				2ACA2C371920B25600078D9E /* CUSSerializerExample-Info.plist */,
				2ACA2C381920B25600078D9E /* InfoPlist.strings */,
				2ACA2C3B1920B25600078D9E /* main.m */,
				2ACA2C3D1920B25600078D9E /* CUSSerializerExample-Prefix.pch */,
			);
			name = "Supporting Files";
			sourceTree = "<group>";
		};
		2ACA2C4E1920B25600078D9E /* CUSSerializerExampleTests */ = {
			isa = PBXGroup;
			children = (
				2ACA2C541920B25600078D9E /* CUSSerializerExampleTests.m */,
				2ACA2C4F1920B25600078D9E /* Supporting Files */,
			);
			path = CUSSerializerExampleTests;
			sourceTree = "<group>";
		};
		2ACA2C4F1920B25600078D9E /* Supporting Files */ = {
			isa = PBXGroup;
			children = (
				2ACA2C501920B25600078D9E /* CUSSerializerExampleTests-Info.plist */,
				2ACA2C511920B25600078D9E /* InfoPlist.strings */,
			);
			name = "Supporting Files";
			sourceTree = "<group>";
		};
		2ACA2C5E1920B27B00078D9E /* CUSSerializer */ = {
			isa = PBXGroup;
			children = (
				2A11F82D1921BD9800B9161C /* CUSSerializer.h */,
				2A11F82E1921BD9800B9161C /* CUSSerializer.m */,
			);
			path = CUSSerializer;
			sourceTree = "<group>";
		};
/* End PBXGroup section */

/* Begin PBXNativeTarget section */
		2ACA2C2B1920B25600078D9E /* CUSSerializerExample */ = {
			isa = PBXNativeTarget;
			buildConfigurationList = 2ACA2C581920B25600078D9E /* Build configuration list for PBXNativeTarget "CUSSerializerExample" */;
			buildPhases = (
				2ACA2C281920B25600078D9E /* Sources */,
				2ACA2C291920B25600078D9E /* Frameworks */,
				2ACA2C2A1920B25600078D9E /* Resources */,
			);
			buildRules = (
			);
			dependencies = (
			);
			name = CUSSerializerExample;
			productName = CUSSerializerExample;
			productReference = 2ACA2C2C1920B25600078D9E /* CUSSerializerExample.app */;
			productType = "com.apple.product-type.application";
		};
		2ACA2C461920B25600078D9E /* CUSSerializerExampleTests */ = {
			isa = PBXNativeTarget;
			buildConfigurationList = 2ACA2C5B1920B25600078D9E /* Build configuration list for PBXNativeTarget "CUSSerializerExampleTests" */;
			buildPhases = (
				2ACA2C431920B25600078D9E /* Sources */,
				2ACA2C441920B25600078D9E /* Frameworks */,
				2ACA2C451920B25600078D9E /* Resources */,
			);
			buildRules = (
			);
			dependencies = (
				2ACA2C4D1920B25600078D9E /* PBXTargetDependency */,
			);
			name = CUSSerializerExampleTests;
			productName = CUSSerializerExampleTests;
			productReference = 2ACA2C471920B25600078D9E /* CUSSerializerExampleTests.xctest */;
			productType = "com.apple.product-type.bundle.unit-test";
		};
/* End PBXNativeTarget section */

/* Begin PBXProject section */
		2ACA2C241920B25600078D9E /* Project object */ = {
			isa = PBXProject;
			attributes = {
				CLASSPREFIX = CUS;
				LastUpgradeCheck = 0510;
				ORGANIZATIONNAME = zhangyu;
				TargetAttributes = {
					2ACA2C461920B25600078D9E = {
						TestTargetID = 2ACA2C2B1920B25600078D9E;
					};
				};
			};
			buildConfigurationList = 2ACA2C271920B25600078D9E /* Build configuration list for PBXProject "CUSSerializerExample" */;
			compatibilityVersion = "Xcode 3.2";
			developmentRegion = English;
			hasScannedForEncodings = 0;
			knownRegions = (
				en,
			);
			mainGroup = 2ACA2C231920B25600078D9E;
			productRefGroup = 2ACA2C2D1920B25600078D9E /* Products */;
			projectDirPath = "";
			projectRoot = "";
			targets = (
				2ACA2C2B1920B25600078D9E /* CUSSerializerExample */,
				2ACA2C461920B25600078D9E /* CUSSerializerExampleTests */,
			);
		};
/* End PBXProject section */

/* Begin PBXResourcesBuildPhase section */
		2ACA2C2A1920B25600078D9E /* Resources */ = {
			isa = PBXResourcesBuildPhase;
			buildActionMask = 2147483647;
			files = (
				2A11F84B1921E74E00B9161C /* Icon.png in Resources */,
				2A11F8431921D66B00B9161C /* CUSMainViewController.xib in Resources */,
				2ACA2C3A1920B25600078D9E /* InfoPlist.strings in Resources */,
				2ACA2C421920B25600078D9E /* Images.xcassets in Resources */,
				2A11F84C1921E74E00B9161C /* Icon@2x.png in Resources */,
				2A11F8531921FDC300B9161C /* DictionaryFile.plist in Resources */,
				2A11F84F1921F39100B9161C /* Default-568h@2x.png in Resources */,
			);
			runOnlyForDeploymentPostprocessing = 0;
		};
		2ACA2C451920B25600078D9E /* Resources */ = {
			isa = PBXResourcesBuildPhase;
			buildActionMask = 2147483647;
			files = (
				2ACA2C531920B25600078D9E /* InfoPlist.strings in Resources */,
			);
			runOnlyForDeploymentPostprocessing = 0;
		};
/* End PBXResourcesBuildPhase section */

/* Begin PBXSourcesBuildPhase section */
		2ACA2C281920B25600078D9E /* Sources */ = {
			isa = PBXSourcesBuildPhase;
			buildActionMask = 2147483647;
			files = (
				2A11F82F1921BD9800B9161C /* CUSSerializer.m in Sources */,
				2A11F8451921D66B00B9161C /* CUSSchool.m in Sources */,
				2A11F8421921D66B00B9161C /* CUSMainViewController.m in Sources */,
				2A11F8461921D66B00B9161C /* CUSStudent.m in Sources */,
				2A11F8441921D66B00B9161C /* CUSPerson.m in Sources */,
				2ACA2C401920B25600078D9E /* CUSAppDelegate.m in Sources */,
				2A11F8471921D66B00B9161C /* CUSTeacher.m in Sources */,
				2ACA2C3C1920B25600078D9E /* main.m in Sources */,
			);
			runOnlyForDeploymentPostprocessing = 0;
		};
		2ACA2C431920B25600078D9E /* Sources */ = {
			isa = PBXSourcesBuildPhase;
			buildActionMask = 2147483647;
			files = (
				2ACA2C551920B25600078D9E /* CUSSerializerExampleTests.m in Sources */,
			);
			runOnlyForDeploymentPostprocessing = 0;
		};
/* End PBXSourcesBuildPhase section */

/* Begin PBXTargetDependency section */
		2ACA2C4D1920B25600078D9E /* PBXTargetDependency */ = {
			isa = PBXTargetDependency;
			target = 2ACA2C2B1920B25600078D9E /* CUSSerializerExample */;
			targetProxy = 2ACA2C4C1920B25600078D9E /* PBXContainerItemProxy */;
		};
/* End PBXTargetDependency section */

/* Begin PBXVariantGroup section */
		2ACA2C381920B25600078D9E /* InfoPlist.strings */ = {
			isa = PBXVariantGroup;
			children = (
				2ACA2C391920B25600078D9E /* en */,
			);
			name = InfoPlist.strings;
			sourceTree = "<group>";
		};
		2ACA2C511920B25600078D9E /* InfoPlist.strings */ = {
			isa = PBXVariantGroup;
			children = (
				2ACA2C521920B25600078D9E /* en */,
			);
			name = InfoPlist.strings;
			sourceTree = "<group>";
		};
/* End PBXVariantGroup section */

/* Begin XCBuildConfiguration section */
		2ACA2C561920B25600078D9E /* Debug */ = {
			isa = XCBuildConfiguration;
			buildSettings = {
				ALWAYS_SEARCH_USER_PATHS = NO;
				CLANG_CXX_LANGUAGE_STANDARD = "gnu++0x";
				CLANG_CXX_LIBRARY = "libc++";
				CLANG_ENABLE_MODULES = YES;
				CLANG_ENABLE_OBJC_ARC = YES;
				CLANG_WARN_BOOL_CONVERSION = YES;
				CLANG_WARN_CONSTANT_CONVERSION = YES;
				CLANG_WARN_DIRECT_OBJC_ISA_USAGE = YES_ERROR;
				CLANG_WARN_EMPTY_BODY = YES;
				CLANG_WARN_ENUM_CONVERSION = YES;
				CLANG_WARN_INT_CONVERSION = YES;
				CLANG_WARN_OBJC_ROOT_CLASS = YES_ERROR;
				CLANG_WARN__DUPLICATE_METHOD_MATCH = YES;
				"CODE_SIGN_IDENTITY[sdk=iphoneos*]" = "iPhone Developer";
				COPY_PHASE_STRIP = NO;
				GCC_C_LANGUAGE_STANDARD = gnu99;
				GCC_DYNAMIC_NO_PIC = NO;
				GCC_OPTIMIZATION_LEVEL = 0;
				GCC_PREPROCESSOR_DEFINITIONS = (
					"DEBUG=1",
					"$(inherited)",
				);
				GCC_SYMBOLS_PRIVATE_EXTERN = NO;
				GCC_WARN_64_TO_32_BIT_CONVERSION = YES;
				GCC_WARN_ABOUT_RETURN_TYPE = YES_ERROR;
				GCC_WARN_UNDECLARED_SELECTOR = YES;
				GCC_WARN_UNINITIALIZED_AUTOS = YES_AGGRESSIVE;
				GCC_WARN_UNUSED_FUNCTION = YES;
				GCC_WARN_UNUSED_VARIABLE = YES;
				IPHONEOS_DEPLOYMENT_TARGET = 7.1;
				ONLY_ACTIVE_ARCH = YES;
				SDKROOT = iphoneos;
				TARGETED_DEVICE_FAMILY = "1,2";
			};
			name = Debug;
		};
		2ACA2C571920B25600078D9E /* Release */ = {
			isa = XCBuildConfiguration;
			buildSettings = {
				ALWAYS_SEARCH_USER_PATHS = NO;
				CLANG_CXX_LANGUAGE_STANDARD = "gnu++0x";
				CLANG_CXX_LIBRARY = "libc++";
				CLANG_ENABLE_MODULES = YES;
				CLANG_ENABLE_OBJC_ARC = YES;
				CLANG_WARN_BOOL_CONVERSION = YES;
				CLANG_WARN_CONSTANT_CONVERSION = YES;
				CLANG_WARN_DIRECT_OBJC_ISA_USAGE = YES_ERROR;
				CLANG_WARN_EMPTY_BODY = YES;
				CLANG_WARN_ENUM_CONVERSION = YES;
				CLANG_WARN_INT_CONVERSION = YES;
				CLANG_WARN_OBJC_ROOT_CLASS = YES_ERROR;
				CLANG_WARN__DUPLICATE_METHOD_MATCH = YES;
				"CODE_SIGN_IDENTITY[sdk=iphoneos*]" = "iPhone Developer";
				COPY_PHASE_STRIP = YES;
				ENABLE_NS_ASSERTIONS = NO;
				GCC_C_LANGUAGE_STANDARD = gnu99;
				GCC_WARN_64_TO_32_BIT_CONVERSION = YES;
				GCC_WARN_ABOUT_RETURN_TYPE = YES_ERROR;
				GCC_WARN_UNDECLARED_SELECTOR = YES;
				GCC_WARN_UNINITIALIZED_AUTOS = YES_AGGRESSIVE;
				GCC_WARN_UNUSED_FUNCTION = YES;
				GCC_WARN_UNUSED_VARIABLE = YES;
				IPHONEOS_DEPLOYMENT_TARGET = 7.1;
				SDKROOT = iphoneos;
				TARGETED_DEVICE_FAMILY = "1,2";
				VALIDATE_PRODUCT = YES;
			};
			name = Release;
		};
		2ACA2C591920B25600078D9E /* Debug */ = {
			isa = XCBuildConfiguration;
			buildSettings = {
				ASSETCATALOG_COMPILER_APPICON_NAME = AppIcon;
				ASSETCATALOG_COMPILER_LAUNCHIMAGE_NAME = LaunchImage;
				GCC_PRECOMPILE_PREFIX_HEADER = YES;
				GCC_PREFIX_HEADER = "CUSSerializerExample/CUSSerializerExample-Prefix.pch";
				INFOPLIST_FILE = "CUSSerializerExample/CUSSerializerExample-Info.plist";
				IPHONEOS_DEPLOYMENT_TARGET = 6.0;
				PRODUCT_NAME = "$(TARGET_NAME)";
				TARGETED_DEVICE_FAMILY = 1;
				WRAPPER_EXTENSION = app;
			};
			name = Debug;
		};
		2ACA2C5A1920B25600078D9E /* Release */ = {
			isa = XCBuildConfiguration;
			buildSettings = {
				ASSETCATALOG_COMPILER_APPICON_NAME = AppIcon;
				ASSETCATALOG_COMPILER_LAUNCHIMAGE_NAME = LaunchImage;
				GCC_PRECOMPILE_PREFIX_HEADER = YES;
				GCC_PREFIX_HEADER = "CUSSerializerExample/CUSSerializerExample-Prefix.pch";
				INFOPLIST_FILE = "CUSSerializerExample/CUSSerializerExample-Info.plist";
				IPHONEOS_DEPLOYMENT_TARGET = 6.0;
				PRODUCT_NAME = "$(TARGET_NAME)";
				TARGETED_DEVICE_FAMILY = 1;
				WRAPPER_EXTENSION = app;
			};
			name = Release;
		};
		2ACA2C5C1920B25600078D9E /* Debug */ = {
			isa = XCBuildConfiguration;
			buildSettings = {
				BUNDLE_LOADER = "$(BUILT_PRODUCTS_DIR)/CUSSerializerExample.app/CUSSerializerExample";
				FRAMEWORK_SEARCH_PATHS = (
					"$(SDKROOT)/Developer/Library/Frameworks",
					"$(inherited)",
					"$(DEVELOPER_FRAMEWORKS_DIR)",
				);
				GCC_PRECOMPILE_PREFIX_HEADER = YES;
				GCC_PREFIX_HEADER = "CUSSerializerExample/CUSSerializerExample-Prefix.pch";
				GCC_PREPROCESSOR_DEFINITIONS = (
					"DEBUG=1",
					"$(inherited)",
				);
				INFOPLIST_FILE = "CUSSerializerExampleTests/CUSSerializerExampleTests-Info.plist";
				PRODUCT_NAME = "$(TARGET_NAME)";
				TEST_HOST = "$(BUNDLE_LOADER)";
				WRAPPER_EXTENSION = xctest;
			};
			name = Debug;
		};
		2ACA2C5D1920B25600078D9E /* Release */ = {
			isa = XCBuildConfiguration;
			buildSettings = {
				BUNDLE_LOADER = "$(BUILT_PRODUCTS_DIR)/CUSSerializerExample.app/CUSSerializerExample";
				FRAMEWORK_SEARCH_PATHS = (
					"$(SDKROOT)/Developer/Library/Frameworks",
					"$(inherited)",
					"$(DEVELOPER_FRAMEWORKS_DIR)",
				);
				GCC_PRECOMPILE_PREFIX_HEADER = YES;
				GCC_PREFIX_HEADER = "CUSSerializerExample/CUSSerializerExample-Prefix.pch";
				INFOPLIST_FILE = "CUSSerializerExampleTests/CUSSerializerExampleTests-Info.plist";
				PRODUCT_NAME = "$(TARGET_NAME)";
				TEST_HOST = "$(BUNDLE_LOADER)";
				WRAPPER_EXTENSION = xctest;
			};
			name = Release;
		};
/* End XCBuildConfiguration section */

/* Begin XCConfigurationList section */
		2ACA2C271920B25600078D9E /* Build configuration list for PBXProject "CUSSerializerExample" */ = {
			isa = XCConfigurationList;
			buildConfigurations = (
				2ACA2C561920B25600078D9E /* Debug */,
				2ACA2C571920B25600078D9E /* Release */,
			);
			defaultConfigurationIsVisible = 0;
			defaultConfigurationName = Release;
		};
		2ACA2C581920B25600078D9E /* Build configuration list for PBXNativeTarget "CUSSerializerExample" */ = {
			isa = XCConfigurationList;
			buildConfigurations = (
				2ACA2C591920B25600078D9E /* Debug */,
				2ACA2C5A1920B25600078D9E /* Release */,
			);
			defaultConfigurationIsVisible = 0;
			defaultConfigurationName = Release;
		};
		2ACA2C5B1920B25600078D9E /* Build configuration list for PBXNativeTarget "CUSSerializerExampleTests" */ = {
			isa = XCConfigurationList;
			buildConfigurations = (
				2ACA2C5C1920B25600078D9E /* Debug */,
				2ACA2C5D1920B25600078D9E /* Release */,
			);
			defaultConfigurationIsVisible = 0;
			defaultConfigurationName = Release;
		};
/* End XCConfigurationList section */
	};
	rootObject = 2ACA2C241920B25600078D9E /* Project object */;
}
